
Microsoft Visual Studio Solution File, Format Version 12.00
# Visual Studio 14
VisualStudioVersion = 14.0.25420.1
MinimumVisualStudioVersion = 10.0.40219.1
Project("{FAE04EC0-301F-11D3-BF4B-00C04F79EFBC}") = "Todo2", "Todo2\Todo2\Todo2.csproj", "{209BF2CB-7610-47FC-8D42-C65AC8CF785B}"
EndProject
Project("{FAE04EC0-301F-11D3-BF4B-00C04F79EFBC}") = "Todo2.Droid", "Todo2\Todo2.Droid\Todo2.Droid.csproj", "{BA852E94-3BD4-4C9F-A56F-3B1AA8ED5EBF}"
EndProject
Project("{FAE04EC0-301F-11D3-BF4B-00C04F79EFBC}") = "Todo2.iOS", "Todo2\Todo2.iOS\Todo2.iOS.csproj", "{96D56AC0-F8A7-416B-80F7-15D18E4B6C16}"
EndProject
Project("{FAE04EC0-301F-11D3-BF4B-00C04F79EFBC}") = "Todo2.UWP", "Todo2\Todo2.UWP\Todo2.UWP.csproj", "{43B1E3B9-B830-4EFA-AAD9-ABC2C670533E}"
EndProject
Global
	GlobalSection(SolutionConfigurationPlatforms) = preSolution
		Ad-Hoc|Any CPU = Ad-Hoc|Any CPU
		Ad-Hoc|ARM = Ad-Hoc|ARM
		Ad-Hoc|iPhone = Ad-Hoc|iPhone
		Ad-Hoc|iPhoneSimulator = Ad-Hoc|iPhoneSimulator
		Ad-Hoc|x64 = Ad-Hoc|x64
		Ad-Hoc|x86 = Ad-Hoc|x86
		AppStore|Any CPU = AppStore|Any CPU
		AppStore|ARM = AppStore|ARM
		AppStore|iPhone = AppStore|iPhone
		AppStore|iPhoneSimulator = AppStore|iPhoneSimulator
		AppStore|x64 = AppStore|x64
		AppStore|x86 = AppStore|x86
		Debug|Any CPU = Debug|Any CPU
		Debug|ARM = Debug|ARM
		Debug|iPhone = Debug|iPhone
		Debug|iPhoneSimulator = Debug|iPhoneSimulator
		Debug|x64 = Debug|x64
		Debug|x86 = Debug|x86
		Release|Any CPU = Release|Any CPU
		Release|ARM = Release|ARM
		Release|iPhone = Release|iPhone
		Release|iPhoneSimulator = Release|iPhoneSimulator
		Release|x64 = Release|x64
		Release|x86 = Release|x86
	EndGlobalSection
	GlobalSection(ProjectConfigurationPlatforms) = postSolution
		{209BF2CB-7610-47FC-8D42-C65AC8CF785B}.Ad-Hoc|Any CPU.ActiveCfg = Release|Any CPU
		{209BF2CB-7610-47FC-8D42-C65AC8CF785B}.Ad-Hoc|Any CPU.Build.0 = Release|Any CPU
		{209BF2CB-7610-47FC-8D42-C65AC8CF785B}.Ad-Hoc|ARM.ActiveCfg = Release|Any CPU
		{209BF2CB-7610-47FC-8D42-C65AC8CF785B}.Ad-Hoc|ARM.Build.0 = Release|Any CPU
		{209BF2CB-7610-47FC-8D42-C65AC8CF785B}.Ad-Hoc|iPhone.ActiveCfg = Release|Any CPU
		{209BF2CB-7610-47FC-8D42-C65AC8CF785B}.Ad-Hoc|iPhone.Build.0 = Release|Any CPU
		{209BF2CB-7610-47FC-8D42-C65AC8CF785B}.Ad-Hoc|iPhoneSimulator.ActiveCfg = Release|Any CPU
		{209BF2CB-7610-47FC-8D42-C65AC8CF785B}.Ad-Hoc|iPhoneSimulator.Build.0 = Release|Any CPU
		{209BF2CB-7610-47FC-8D42-C65AC8CF785B}.Ad-Hoc|x64.ActiveCfg = Release|Any CPU
		{209BF2CB-7610-47FC-8D42-C65AC8CF785B}.Ad-Hoc|x64.Build.0 = Release|Any CPU
		{209BF2CB-7610-47FC-8D42-C65AC8CF785B}.Ad-Hoc|x86.ActiveCfg = Release|Any CPU
		{209BF2CB-7610-47FC-8D42-C65AC8CF785B}.Ad-Hoc|x86.Build.0 = Release|Any CPU
		{209BF2CB-7610-47FC-8D42-C65AC8CF785B}.AppStore|Any CPU.ActiveCfg = Release|Any CPU
		{209BF2CB-7610-47FC-8D42-C65AC8CF785B}.AppStore|Any CPU.Build.0 = Release|Any CPU
		{209BF2CB-7610-47FC-8D42-C65AC8CF785B}.AppStore|ARM.ActiveCfg = Release|Any CPU
		{209BF2CB-7610-47FC-8D42-C65AC8CF785B}.AppStore|ARM.Build.0 = Release|Any CPU
		{209BF2CB-7610-47FC-8D42-C65AC8CF785B}.AppStore|iPhone.ActiveCfg = Release|Any CPU
		{209BF2CB-7610-47FC-8D42-C65AC8CF785B}.AppStore|iPhone.Build.0 = Release|Any CPU
		{209BF2CB-7610-47FC-8D42-C65AC8CF785B}.AppStore|iPhoneSimulator.ActiveCfg = Release|Any CPU
		{209BF2CB-7610-47FC-8D42-C65AC8CF785B}.AppStore|iPhoneSimulator.Build.0 = Release|Any CPU
		{209BF2CB-7610-47FC-8D42-C65AC8CF785B}.AppStore|x64.ActiveCfg = Release|Any CPU
		{209BF2CB-7610-47FC-8D42-C65AC8CF785B}.AppStore|x64.Build.0 = Release|Any CPU
		{209BF2CB-7610-47FC-8D42-C65AC8CF785B}.AppStore|x86.ActiveCfg = Release|Any CPU
		{209BF2CB-7610-47FC-8D42-C65AC8CF785B}.AppStore|x86.Build.0 = Release|Any CPU
		{209BF2CB-7610-47FC-8D42-C65AC8CF785B}.Debug|Any CPU.ActiveCfg = Debug|Any CPU
		{209BF2CB-7610-47FC-8D42-C65AC8CF785B}.Debug|Any CPU.Build.0 = Debug|Any CPU
		{209BF2CB-7610-47FC-8D42-C65AC8CF785B}.Debug|ARM.ActiveCfg = Debug|Any CPU
		{209BF2CB-7610-47FC-8D42-C65AC8CF785B}.Debug|ARM.Build.0 = Debug|Any CPU
		{209BF2CB-7610-47FC-8D42-C65AC8CF785B}.Debug|iPhone.ActiveCfg = Debug|Any CPU
		{209BF2CB-7610-47FC-8D42-C65AC8CF785B}.Debug|iPhone.Build.0 = Debug|Any CPU
		{209BF2CB-7610-47FC-8D42-C65AC8CF785B}.Debug|iPhoneSimulator.ActiveCfg = Debug|Any CPU
		{209BF2CB-7610-47FC-8D42-C65AC8CF785B}.Debug|iPhoneSimulator.Build.0 = Debug|Any CPU
		{209BF2CB-7610-47FC-8D42-C65AC8CF785B}.Debug|x64.ActiveCfg = Debug|Any CPU
		{209BF2CB-7610-47FC-8D42-C65AC8CF785B}.Debug|x64.Build.0 = Debug|Any CPU
		{209BF2CB-7610-47FC-8D42-C65AC8CF785B}.Debug|x86.ActiveCfg = Debug|Any CPU
		{209BF2CB-7610-47FC-8D42-C65AC8CF785B}.Debug|x86.Build.0 = Debug|Any CPU
		{209BF2CB-7610-47FC-8D42-C65AC8CF785B}.Release|Any CPU.ActiveCfg = Release|Any CPU
		{209BF2CB-7610-47FC-8D42-C65AC8CF785B}.Release|Any CPU.Build.0 = Release|Any CPU
		{209BF2CB-7610-47FC-8D42-C65AC8CF785B}.Release|ARM.ActiveCfg = Release|Any CPU
		{209BF2CB-7610-47FC-8D42-C65AC8CF785B}.Release|ARM.Build.0 = Release|Any CPU
		{209BF2CB-7610-47FC-8D42-C65AC8CF785B}.Release|iPhone.ActiveCfg = Release|Any CPU
		{209BF2CB-7610-47FC-8D42-C65AC8CF785B}.Release|iPhone.Build.0 = Release|Any CPU
		{209BF2CB-7610-47FC-8D42-C65AC8CF785B}.Release|iPhoneSimulator.ActiveCfg = Release|Any CPU
		{209BF2CB-7610-47FC-8D42-C65AC8CF785B}.Release|iPhoneSimulator.Build.0 = Release|Any CPU
		{209BF2CB-7610-47FC-8D42-C65AC8CF785B}.Release|x64.ActiveCfg = Release|Any CPU
		{209BF2CB-7610-47FC-8D42-C65AC8CF785B}.Release|x64.Build.0 = Release|Any CPU
		{209BF2CB-7610-47FC-8D42-C65AC8CF785B}.Release|x86.ActiveCfg = Release|Any CPU
		{209BF2CB-7610-47FC-8D42-C65AC8CF785B}.Release|x86.Build.0 = Release|Any CPU
		{BA852E94-3BD4-4C9F-A56F-3B1AA8ED5EBF}.Ad-Hoc|Any CPU.ActiveCfg = Release|Any CPU
		{BA852E94-3BD4-4C9F-A56F-3B1AA8ED5EBF}.Ad-Hoc|Any CPU.Build.0 = Release|Any CPU
		{BA852E94-3BD4-4C9F-A56F-3B1AA8ED5EBF}.Ad-Hoc|Any CPU.Deploy.0 = Release|Any CPU
		{BA852E94-3BD4-4C9F-A56F-3B1AA8ED5EBF}.Ad-Hoc|ARM.ActiveCfg = Release|Any CPU
		{BA852E94-3BD4-4C9F-A56F-3B1AA8ED5EBF}.Ad-Hoc|ARM.Build.0 = Release|Any CPU
		{BA852E94-3BD4-4C9F-A56F-3B1AA8ED5EBF}.Ad-Hoc|ARM.Deploy.0 = Release|Any CPU
		{BA852E94-3BD4-4C9F-A56F-3B1AA8ED5EBF}.Ad-Hoc|iPhone.ActiveCfg = Release|Any CPU
		{BA852E94-3BD4-4C9F-A56F-3B1AA8ED5EBF}.Ad-Hoc|iPhone.Build.0 = Release|Any CPU
		{BA852E94-3BD4-4C9F-A56F-3B1AA8ED5EBF}.Ad-Hoc|iPhone.Deploy.0 = Release|Any CPU
		{BA852E94-3BD4-4C9F-A56F-3B1AA8ED5EBF}.Ad-Hoc|iPhoneSimulator.ActiveCfg = Release|Any CPU
		{BA852E94-3BD4-4C9F-A56F-3B1AA8ED5EBF}.Ad-Hoc|iPhoneSimulator.Build.0 = Release|Any CPU
		{BA852E94-3BD4-4C9F-A56F-3B1AA8ED5EBF}.Ad-Hoc|iPhoneSimulator.Deploy.0 = Release|Any CPU
		{BA852E94-3BD4-4C9F-A56F-3B1AA8ED5EBF}.Ad-Hoc|x64.ActiveCfg = Release|Any CPU
		{BA852E94-3BD4-4C9F-A56F-3B1AA8ED5EBF}.Ad-Hoc|x64.Build.0 = Release|Any CPU
		{BA852E94-3BD4-4C9F-A56F-3B1AA8ED5EBF}.Ad-Hoc|x64.Deploy.0 = Release|Any CPU
		{BA852E94-3BD4-4C9F-A56F-3B1AA8ED5EBF}.Ad-Hoc|x86.ActiveCfg = Release|Any CPU
		{BA852E94-3BD4-4C9F-A56F-3B1AA8ED5EBF}.Ad-Hoc|x86.Build.0 = Release|Any CPU
		{BA852E94-3BD4-4C9F-A56F-3B1AA8ED5EBF}.Ad-Hoc|x86.Deploy.0 = Release|Any CPU
		{BA852E94-3BD4-4C9F-A56F-3B1AA8ED5EBF}.AppStore|Any CPU.ActiveCfg = Release|Any CPU
		{BA852E94-3BD4-4C9F-A56F-3B1AA8ED5EBF}.AppStore|Any CPU.Build.0 = Release|Any CPU
		{BA852E94-3BD4-4C9F-A56F-3B1AA8ED5EBF}.AppStore|Any CPU.Deploy.0 = Release|Any CPU
		{BA852E94-3BD4-4C9F-A56F-3B1AA8ED5EBF}.AppStore|ARM.ActiveCfg = Release|Any CPU
		{BA852E94-3BD4-4C9F-A56F-3B1AA8ED5EBF}.AppStore|ARM.Build.0 = Release|Any CPU
		{BA852E94-3BD4-4C9F-A56F-3B1AA8ED5EBF}.AppStore|ARM.Deploy.0 = Release|Any CPU
		{BA852E94-3BD4-4C9F-A56F-3B1AA8ED5EBF}.AppStore|iPhone.ActiveCfg = Release|Any CPU
		{BA852E94-3BD4-4C9F-A56F-3B1AA8ED5EBF}.AppStore|iPhone.Build.0 = Release|Any CPU
		{BA852E94-3BD4-4C9F-A56F-3B1AA8ED5EBF}.AppStore|iPhone.Deploy.0 = Release|Any CPU
		{BA852E94-3BD4-4C9F-A56F-3B1AA8ED5EBF}.AppStore|iPhoneSimulator.ActiveCfg = Release|Any CPU
		{BA852E94-3BD4-4C9F-A56F-3B1AA8ED5EBF}.AppStore|iPhoneSimulator.Build.0 = Release|Any CPU
		{BA852E94-3BD4-4C9F-A56F-3B1AA8ED5EBF}.AppStore|iPhoneSimulator.Deploy.0 = Release|Any CPU
		{BA852E94-3BD4-4C9F-A56F-3B1AA8ED5EBF}.AppStore|x64.ActiveCfg = Release|Any CPU
		{BA852E94-3BD4-4C9F-A56F-3B1AA8ED5EBF}.AppStore|x64.Build.0 = Release|Any CPU
		{BA852E94-3BD4-4C9F-A56F-3B1AA8ED5EBF}.AppStore|x64.Deploy.0 = Release|Any CPU
		{BA852E94-3BD4-4C9F-A56F-3B1AA8ED5EBF}.AppStore|x86.ActiveCfg = Release|Any CPU
		{BA852E94-3BD4-4C9F-A56F-3B1AA8ED5EBF}.AppStore|x86.Build.0 = Release|Any CPU
		{BA852E94-3BD4-4C9F-A56F-3B1AA8ED5EBF}.AppStore|x86.Deploy.0 = Release|Any CPU
		{BA852E94-3BD4-4C9F-A56F-3B1AA8ED5EBF}.Debug|Any CPU.ActiveCfg = Debug|Any CPU
		{BA852E94-3BD4-4C9F-A56F-3B1AA8ED5EBF}.Debug|Any CPU.Build.0 = Debug|Any CPU
		{BA852E94-3BD4-4C9F-A56F-3B1AA8ED5EBF}.Debug|Any CPU.Deploy.0 = Debug|Any CPU
		{BA852E94-3BD4-4C9F-A56F-3B1AA8ED5EBF}.Debug|ARM.ActiveCfg = Debug|Any CPU
		{BA852E94-3BD4-4C9F-A56F-3B1AA8ED5EBF}.Debug|ARM.Build.0 = Debug|Any CPU
		{BA852E94-3BD4-4C9F-A56F-3B1AA8ED5EBF}.Debug|ARM.Deploy.0 = Debug|Any CPU
		{BA852E94-3BD4-4C9F-A56F-3B1AA8ED5EBF}.Debug|iPhone.ActiveCfg = Debug|Any CPU
		{BA852E94-3BD4-4C9F-A56F-3B1AA8ED5EBF}.Debug|iPhone.Build.0 = Debug|Any CPU
		{BA852E94-3BD4-4C9F-A56F-3B1AA8ED5EBF}.Debug|iPhone.Deploy.0 = Debug|Any CPU
		{BA852E94-3BD4-4C9F-A56F-3B1AA8ED5EBF}.Debug|iPhoneSimulator.ActiveCfg = Debug|Any CPU
		{BA852E94-3BD4-4C9F-A56F-3B1AA8ED5EBF}.Debug|iPhoneSimulator.Build.0 = Debug|Any CPU
		{BA852E94-3BD4-4C9F-A56F-3B1AA8ED5EBF}.Debug|iPhoneSimulator.Deploy.0 = Debug|Any CPU
		{BA852E94-3BD4-4C9F-A56F-3B1AA8ED5EBF}.Debug|x64.ActiveCfg = Debug|Any CPU
		{BA852E94-3BD4-4C9F-A56F-3B1AA8ED5EBF}.Debug|x64.Build.0 = Debug|Any CPU
		{BA852E94-3BD4-4C9F-A56F-3B1AA8ED5EBF}.Debug|x64.Deploy.0 = Debug|Any CPU
		{BA852E94-3BD4-4C9F-A56F-3B1AA8ED5EBF}.Debug|x86.ActiveCfg = Debug|Any CPU
		{BA852E94-3BD4-4C9F-A56F-3B1AA8ED5EBF}.Debug|x86.Build.0 = Debug|Any CPU
		{BA852E94-3BD4-4C9F-A56F-3B1AA8ED5EBF}.Debug|x86.Deploy.0 = Debug|Any CPU
		{BA852E94-3BD4-4C9F-A56F-3B1AA8ED5EBF}.Release|Any CPU.ActiveCfg = Release|Any CPU
		{BA852E94-3BD4-4C9F-A56F-3B1AA8ED5EBF}.Release|Any CPU.Build.0 = Release|Any CPU
		{BA852E94-3BD4-4C9F-A56F-3B1AA8ED5EBF}.Release|Any CPU.Deploy.0 = Release|Any CPU
		{BA852E94-3BD4-4C9F-A56F-3B1AA8ED5EBF}.Release|ARM.ActiveCfg = Release|Any CPU
		{BA852E94-3BD4-4C9F-A56F-3B1AA8ED5EBF}.Release|ARM.Build.0 = Release|Any CPU
		{BA852E94-3BD4-4C9F-A56F-3B1AA8ED5EBF}.Release|ARM.Deploy.0 = Release|Any CPU
		{BA852E94-3BD4-4C9F-A56F-3B1AA8ED5EBF}.Release|iPhone.ActiveCfg = Release|Any CPU
		{BA852E94-3BD4-4C9F-A56F-3B1AA8ED5EBF}.Release|iPhone.Build.0 = Release|Any CPU
		{BA852E94-3BD4-4C9F-A56F-3B1AA8ED5EBF}.Release|iPhone.Deploy.0 = Release|Any CPU
		{BA852E94-3BD4-4C9F-A56F-3B1AA8ED5EBF}.Release|iPhoneSimulator.ActiveCfg = Release|Any CPU
		{BA852E94-3BD4-4C9F-A56F-3B1AA8ED5EBF}.Release|iPhoneSimulator.Build.0 = Release|Any CPU
		{BA852E94-3BD4-4C9F-A56F-3B1AA8ED5EBF}.Release|iPhoneSimulator.Deploy.0 = Release|Any CPU
		{BA852E94-3BD4-4C9F-A56F-3B1AA8ED5EBF}.Release|x64.ActiveCfg = Release|Any CPU
		{BA852E94-3BD4-4C9F-A56F-3B1AA8ED5EBF}.Release|x64.Build.0 = Release|Any CPU
		{BA852E94-3BD4-4C9F-A56F-3B1AA8ED5EBF}.Release|x64.Deploy.0 = Release|Any CPU
		{BA852E94-3BD4-4C9F-A56F-3B1AA8ED5EBF}.Release|x86.ActiveCfg = Release|Any CPU
		{BA852E94-3BD4-4C9F-A56F-3B1AA8ED5EBF}.Release|x86.Build.0 = Release|Any CPU
		{BA852E94-3BD4-4C9F-A56F-3B1AA8ED5EBF}.Release|x86.Deploy.0 = Release|Any CPU
		{96D56AC0-F8A7-416B-80F7-15D18E4B6C16}.Ad-Hoc|Any CPU.ActiveCfg = Ad-Hoc|iPhone
		{96D56AC0-F8A7-416B-80F7-15D18E4B6C16}.Ad-Hoc|ARM.ActiveCfg = Ad-Hoc|iPhone
		{96D56AC0-F8A7-416B-80F7-15D18E4B6C16}.Ad-Hoc|iPhone.ActiveCfg = Ad-Hoc|iPhone
		{96D56AC0-F8A7-416B-80F7-15D18E4B6C16}.Ad-Hoc|iPhone.Build.0 = Ad-Hoc|iPhone
		{96D56AC0-F8A7-416B-80F7-15D18E4B6C16}.Ad-Hoc|iPhoneSimulator.ActiveCfg = Ad-Hoc|iPhoneSimulator
		{96D56AC0-F8A7-416B-80F7-15D18E4B6C16}.Ad-Hoc|iPhoneSimulator.Build.0 = Ad-Hoc|iPhoneSimulator
		{96D56AC0-F8A7-416B-80F7-15D18E4B6C16}.Ad-Hoc|x64.ActiveCfg = Ad-Hoc|iPhone
		{96D56AC0-F8A7-416B-80F7-15D18E4B6C16}.Ad-Hoc|x86.ActiveCfg = Ad-Hoc|iPhone
		{96D56AC0-F8A7-416B-80F7-15D18E4B6C16}.AppStore|Any CPU.ActiveCfg = AppStore|iPhone
		{96D56AC0-F8A7-416B-80F7-15D18E4B6C16}.AppStore|ARM.ActiveCfg = AppStore|iPhone
		{96D56AC0-F8A7-416B-80F7-15D18E4B6C16}.AppStore|iPhone.ActiveCfg = AppStore|iPhone
		{96D56AC0-F8A7-416B-80F7-15D18E4B6C16}.AppStore|iPhone.Build.0 = AppStore|iPhone
		{96D56AC0-F8A7-416B-80F7-15D18E4B6C16}.AppStore|iPhoneSimulator.ActiveCfg = AppStore|iPhoneSimulator
		{96D56AC0-F8A7-416B-80F7-15D18E4B6C16}.AppStore|iPhoneSimulator.Build.0 = AppStore|iPhoneSimulator
		{96D56AC0-F8A7-416B-80F7-15D18E4B6C16}.AppStore|x64.ActiveCfg = AppStore|iPhone
		{96D56AC0-F8A7-416B-80F7-15D18E4B6C16}.AppStore|x86.ActiveCfg = AppStore|iPhone
		{96D56AC0-F8A7-416B-80F7-15D18E4B6C16}.Debug|Any CPU.ActiveCfg = Debug|iPhone
		{96D56AC0-F8A7-416B-80F7-15D18E4B6C16}.Debug|ARM.ActiveCfg = Debug|iPhone
		{96D56AC0-F8A7-416B-80F7-15D18E4B6C16}.Debug|iPhone.ActiveCfg = Debug|iPhone
		{96D56AC0-F8A7-416B-80F7-15D18E4B6C16}.Debug|iPhone.Build.0 = Debug|iPhone
		{96D56AC0-F8A7-416B-80F7-15D18E4B6C16}.Debug|iPhoneSimulator.ActiveCfg = Debug|iPhoneSimulator
		{96D56AC0-F8A7-416B-80F7-15D18E4B6C16}.Debug|iPhoneSimulator.Build.0 = Debug|iPhoneSimulator
		{96D56AC0-F8A7-416B-80F7-15D18E4B6C16}.Debug|x64.ActiveCfg = Debug|iPhone
		{96D56AC0-F8A7-416B-80F7-15D18E4B6C16}.Debug|x86.ActiveCfg = Debug|iPhone
		{96D56AC0-F8A7-416B-80F7-15D18E4B6C16}.Release|Any CPU.ActiveCfg = Release|iPhone
		{96D56AC0-F8A7-416B-80F7-15D18E4B6C16}.Release|ARM.ActiveCfg = Release|iPhone
		{96D56AC0-F8A7-416B-80F7-15D18E4B6C16}.Release|iPhone.ActiveCfg = Release|iPhone
		{96D56AC0-F8A7-416B-80F7-15D18E4B6C16}.Release|iPhone.Build.0 = Release|iPhone
		{96D56AC0-F8A7-416B-80F7-15D18E4B6C16}.Release|iPhoneSimulator.ActiveCfg = Release|iPhoneSimulator
		{96D56AC0-F8A7-416B-80F7-15D18E4B6C16}.Release|iPhoneSimulator.Build.0 = Release|iPhoneSimulator
		{96D56AC0-F8A7-416B-80F7-15D18E4B6C16}.Release|x64.ActiveCfg = Release|iPhone
		{96D56AC0-F8A7-416B-80F7-15D18E4B6C16}.Release|x86.ActiveCfg = Release|iPhone
		{43B1E3B9-B830-4EFA-AAD9-ABC2C670533E}.Ad-Hoc|Any CPU.ActiveCfg = Release|x86
		{43B1E3B9-B830-4EFA-AAD9-ABC2C670533E}.Ad-Hoc|Any CPU.Build.0 = Release|x86
		{43B1E3B9-B830-4EFA-AAD9-ABC2C670533E}.Ad-Hoc|Any CPU.Deploy.0 = Release|x86
		{43B1E3B9-B830-4EFA-AAD9-ABC2C670533E}.Ad-Hoc|ARM.ActiveCfg = Release|ARM
		{43B1E3B9-B830-4EFA-AAD9-ABC2C670533E}.Ad-Hoc|ARM.Build.0 = Release|ARM
		{43B1E3B9-B830-4EFA-AAD9-ABC2C670533E}.Ad-Hoc|ARM.Deploy.0 = Release|ARM
		{43B1E3B9-B830-4EFA-AAD9-ABC2C670533E}.Ad-Hoc|iPhone.ActiveCfg = Release|x86
		{43B1E3B9-B830-4EFA-AAD9-ABC2C670533E}.Ad-Hoc|iPhone.Build.0 = Release|x86
		{43B1E3B9-B830-4EFA-AAD9-ABC2C670533E}.Ad-Hoc|iPhone.Deploy.0 = Release|x86
		{43B1E3B9-B830-4EFA-AAD9-ABC2C670533E}.Ad-Hoc|iPhoneSimulator.ActiveCfg = Release|x86
		{43B1E3B9-B830-4EFA-AAD9-ABC2C670533E}.Ad-Hoc|iPhoneSimulator.Build.0 = Release|x86
		{43B1E3B9-B830-4EFA-AAD9-ABC2C670533E}.Ad-Hoc|iPhoneSimulator.Deploy.0 = Release|x86
		{43B1E3B9-B830-4EFA-AAD9-ABC2C670533E}.Ad-Hoc|x64.ActiveCfg = Release|x64
		{43B1E3B9-B830-4EFA-AAD9-ABC2C670533E}.Ad-Hoc|x64.Build.0 = Release|x64
		{43B1E3B9-B830-4EFA-AAD9-ABC2C670533E}.Ad-Hoc|x64.Deploy.0 = Release|x64
		{43B1E3B9-B830-4EFA-AAD9-ABC2C670533E}.Ad-Hoc|x86.ActiveCfg = Release|x86
		{43B1E3B9-B830-4EFA-AAD9-ABC2C670533E}.Ad-Hoc|x86.Build.0 = Release|x86
		{43B1E3B9-B830-4EFA-AAD9-ABC2C670533E}.Ad-Hoc|x86.Deploy.0 = Release|x86
		{43B1E3B9-B830-4EFA-AAD9-ABC2C670533E}.AppStore|Any CPU.ActiveCfg = Release|x86
		{43B1E3B9-B830-4EFA-AAD9-ABC2C670533E}.AppStore|Any CPU.Build.0 = Release|x86
		{43B1E3B9-B830-4EFA-AAD9-ABC2C670533E}.AppStore|Any CPU.Deploy.0 = Release|x86
		{43B1E3B9-B830-4EFA-AAD9-ABC2C670533E}.AppStore|ARM.ActiveCfg = Release|ARM
		{43B1E3B9-B830-4EFA-AAD9-ABC2C670533E}.AppStore|ARM.Build.0 = Release|ARM
		{43B1E3B9-B830-4EFA-AAD9-ABC2C670533E}.AppStore|ARM.Deploy.0 = Release|ARM
		{43B1E3B9-B830-4EFA-AAD9-ABC2C670533E}.AppStore|iPhone.ActiveCfg = Release|x86
		{43B1E3B9-B830-4EFA-AAD9-ABC2C670533E}.AppStore|iPhone.Build.0 = Release|x86
		{43B1E3B9-B830-4EFA-AAD9-ABC2C670533E}.AppStore|iPhone.Deploy.0 = Release|x86
		{43B1E3B9-B830-4EFA-AAD9-ABC2C670533E}.AppStore|iPhoneSimulator.ActiveCfg = Release|x86
		{43B1E3B9-B830-4EFA-AAD9-ABC2C670533E}.AppStore|iPhoneSimulator.Build.0 = Release|x86
		{43B1E3B9-B830-4EFA-AAD9-ABC2C670533E}.AppStore|iPhoneSimulator.Deploy.0 = Release|x86
		{43B1E3B9-B830-4EFA-AAD9-ABC2C670533E}.AppStore|x64.ActiveCfg = Release|x64
		{43B1E3B9-B830-4EFA-AAD9-ABC2C670533E}.AppStore|x64.Build.0 = Release|x64
		{43B1E3B9-B830-4EFA-AAD9-ABC2C670533E}.AppStore|x64.Deploy.0 = Release|x64
		{43B1E3B9-B830-4EFA-AAD9-ABC2C670533E}.AppStore|x86.ActiveCfg = Release|x86
		{43B1E3B9-B830-4EFA-AAD9-ABC2C670533E}.AppStore|x86.Build.0 = Release|x86
		{43B1E3B9-B830-4EFA-AAD9-ABC2C670533E}.AppStore|x86.Deploy.0 = Release|x86
		{43B1E3B9-B830-4EFA-AAD9-ABC2C670533E}.Debug|Any CPU.ActiveCfg = Debug|x86
		{43B1E3B9-B830-4EFA-AAD9-ABC2C670533E}.Debug|Any CPU.Build.0 = Debug|x86
		{43B1E3B9-B830-4EFA-AAD9-ABC2C670533E}.Debug|Any CPU.Deploy.0 = Debug|x86
		{43B1E3B9-B830-4EFA-AAD9-ABC2C670533E}.Debug|ARM.ActiveCfg = Debug|ARM
		{43B1E3B9-B830-4EFA-AAD9-ABC2C670533E}.Debug|ARM.Build.0 = Debug|ARM
		{43B1E3B9-B830-4EFA-AAD9-ABC2C670533E}.Debug|ARM.Deploy.0 = Debug|ARM
		{43B1E3B9-B830-4EFA-AAD9-ABC2C670533E}.Debug|iPhone.ActiveCfg = Debug|x86
		{43B1E3B9-B830-4EFA-AAD9-ABC2C670533E}.Debug|iPhone.Build.0 = Debug|x86
		{43B1E3B9-B830-4EFA-AAD9-ABC2C670533E}.Debug|iPhone.Deploy.0 = Debug|x86
		{43B1E3B9-B830-4EFA-AAD9-ABC2C670533E}.Debug|iPhoneSimulator.ActiveCfg = Debug|x86
		{43B1E3B9-B830-4EFA-AAD9-ABC2C670533E}.Debug|x64.ActiveCfg = Debug|x64
		{43B1E3B9-B830-4EFA-AAD9-ABC2C670533E}.Debug|x64.Build.0 = Debug|x64
		{43B1E3B9-B830-4EFA-AAD9-ABC2C670533E}.Debug|x64.Deploy.0 = Debug|x64
		{43B1E3B9-B830-4EFA-AAD9-ABC2C670533E}.Debug|x86.ActiveCfg = Debug|x86
		{43B1E3B9-B830-4EFA-AAD9-ABC2C670533E}.Debug|x86.Build.0 = Debug|x86
		{43B1E3B9-B830-4EFA-AAD9-ABC2C670533E}.Debug|x86.Deploy.0 = Debug|x86
		{43B1E3B9-B830-4EFA-AAD9-ABC2C670533E}.Release|Any CPU.ActiveCfg = Release|x86
		{43B1E3B9-B830-4EFA-AAD9-ABC2C670533E}.Release|ARM.ActiveCfg = Release|ARM
		{43B1E3B9-B830-4EFA-AAD9-ABC2C670533E}.Release|ARM.Build.0 = Release|ARM
		{43B1E3B9-B830-4EFA-AAD9-ABC2C670533E}.Release|ARM.Deploy.0 = Release|ARM
		{43B1E3B9-B830-4EFA-AAD9-ABC2C670533E}.Release|iPhone.ActiveCfg = Release|x86
		{43B1E3B9-B830-4EFA-AAD9-ABC2C670533E}.Release|iPhoneSimulator.ActiveCfg = Release|x86
		{43B1E3B9-B830-4EFA-AAD9-ABC2C670533E}.Release|x64.ActiveCfg = Release|x64
		{43B1E3B9-B830-4EFA-AAD9-ABC2C670533E}.Release|x64.Build.0 = Release|x64
		{43B1E3B9-B830-4EFA-AAD9-ABC2C670533E}.Release|x64.Deploy.0 = Release|x64
		{43B1E3B9-B830-4EFA-AAD9-ABC2C670533E}.Release|x86.ActiveCfg = Release|x86
		{43B1E3B9-B830-4EFA-AAD9-ABC2C670533E}.Release|x86.Build.0 = Release|x86
		{43B1E3B9-B830-4EFA-AAD9-ABC2C670533E}.Release|x86.Deploy.0 = Release|x86
	EndGlobalSection
	GlobalSection(SolutionProperties) = preSolution
		HideSolutionNode = FALSE
	EndGlobalSection
EndGlobal
